
Microsoft Visual Studio Solution File, Format Version 12.00
# Visual Studio Version 17
VisualStudioVersion = 17.7.34221.43
MinimumVisualStudioVersion = 10.0.40219.1
Project("{FAE04EC0-301F-11D3-BF4B-00C04F79EFBC}") = "GSB_BM", "GSB_BM.csproj", "{4C977A04-BB6E-4079-B6C5-DE14F22CDDB5}"
EndProject
Global
	GlobalSection(SolutionConfigurationPlatforms) = preSolution
		Debug|Any CPU = Debug|Any CPU
		Release|Any CPU = Release|Any CPU
	EndGlobalSection
	GlobalSection(ProjectConfigurationPlatforms) = postSolution
		{4C977A04-BB6E-4079-B6C5-DE14F22CDDB5}.Debug|Any CPU.ActiveCfg = Debug|Any CPU
		{4C977A04-BB6E-4079-B6C5-DE14F22CDDB5}.Debug|Any CPU.Build.0 = Debug|Any CPU
		{4C977A04-BB6E-4079-B6C5-DE14F22CDDB5}.Release|Any CPU.ActiveCfg = Release|Any CPU
		{4C977A04-BB6E-4079-B6C5-DE14F22CDDB5}.Release|Any CPU.Build.0 = Release|Any CPU
	EndGlobalSection
	GlobalSection(SolutionProperties) = preSolution
		HideSolutionNode = FALSE
	EndGlobalSection
	GlobalSection(ExtensibilityGlobals) = postSolution
		SolutionGuid = {6EF83AB6-9C8E-497F-9892-432E02EA145D}
	EndGlobalSection
EndGlobal
